<?xml version="1.0" encoding="utf-8"?>
<Project ToolsVersion="4.0" xmlns="http://schemas.microsoft.com/developer/msbuild/2003">
  <ItemGroup>
    <Filter Include="Header Files">
      <UniqueIdentifier>{c12104ee-85ca-493d-ad43-9923d278332d}</UniqueIdentifier>
      <Extensions>cu;cpp;c;cc;cxx;def;odl;idl;hpj;bat;asm;asmx</Extensions>
    </Filter>
    <Filter Include="Source Files">
      <UniqueIdentifier>{13fae959-b2f3-4b98-9b56-c3444b44dc9d}</UniqueIdentifier>
      <Extensions>h;hh;hpp;hxx;hm;inl;inc;xsd</Extensions>
    </Filter>
    <Filter Include="core">
      <UniqueIdentifier>{59e27d53-0397-452d-8c35-d3c48265b4d4}</UniqueIdentifier>
    </Filter>
    <Filter Include="core\omp">
      <UniqueIdentifier>{e75fa28e-2b4a-4c02-b2d2-c26fc2c4fc4b}</UniqueIdentifier>
    </Filter>
    <Filter Include="core\cuda">
      <UniqueIdentifier>{c36b662e-b00b-40ea-80fc-49941e07b0d0}</UniqueIdentifier>
    </Filter>
  </ItemGroup>
  <ItemGroup>
    <CudaCompile Include="..\..\test\test_gpu.cu">
      <Filter>Source Files</Filter>
    </CudaCompile>
  </ItemGroup>
  <ItemGroup>
    <ClInclude Include="..\..\test\test_options.h">
      <Filter>Header Files</Filter>
    </ClInclude>
    <ClInclude Include="..\..\lap.h">
      <Filter>Header Files</Filter>
    </ClInclude>
    <ClInclude Include="..\..\core\lap_solver.h">
      <Filter>core</Filter>
    </ClInclude>
    <ClInclude Include="..\..\core\lap_caching_iterator.h">
      <Filter>core</Filter>
    </ClInclude>
    <ClInclude Include="..\..\core\lap_cost.h">
      <Filter>core</Filter>
    </ClInclude>
    <ClInclude Include="..\..\core\lap_direct_iterator.h">
      <Filter>core</Filter>
    </ClInclude>
    <ClInclude Include="..\..\core\lap_cache.h">
      <Filter>core</Filter>
    </ClInclude>
    <ClInclude Include="..\..\core\omp\lap_cache.h">
      <Filter>core\omp</Filter>
    </ClInclude>
    <ClInclude Include="..\..\core\omp\lap_caching_iterator.h">
      <Filter>core\omp</Filter>
    </ClInclude>
    <ClInclude Include="..\..\core\omp\lap_cost.h">
      <Filter>core\omp</Filter>
    </ClInclude>
    <ClInclude Include="..\..\core\omp\lap_direct_iterator.h">
      <Filter>core\omp</Filter>
    </ClInclude>
    <ClInclude Include="..\..\core\omp\lap_solver.h">
      <Filter>core\omp</Filter>
    </ClInclude>
    <ClInclude Include="..\..\core\cuda\lap_cache.h">
      <Filter>core\cuda</Filter>
    </ClInclude>
    <ClInclude Include="..\..\core\cuda\lap_caching_iterator.h">
      <Filter>core\cuda</Filter>
    </ClInclude>
    <ClInclude Include="..\..\core\cuda\lap_cost.h">
      <Filter>core\cuda</Filter>
    </ClInclude>
    <ClInclude Include="..\..\core\cuda\lap_direct_iterator.h">
      <Filter>core\cuda</Filter>
    </ClInclude>
    <ClInclude Include="..\..\core\cuda\lap_solver.h">
      <Filter>core\cuda</Filter>
    </ClInclude>
    <ClInclude Include="..\..\core\cuda\lap_worksharing.h">
      <Filter>core\cuda</Filter>
    </ClInclude>
    <ClInclude Include="..\..\test\image.h">
      <Filter>Header Files</Filter>
    </ClInclude>
  </ItemGroup>
</Project>