<?xml version="1.0" encoding="utf-8"?>
<Project ToolsVersion="4.0" xmlns="http://schemas.microsoft.com/developer/msbuild/2003">
  <ItemGroup>
    <Filter Include="Source Files">
      <UniqueIdentifier>{4FC737F1-C7A5-4376-A066-2A32D752A2FF}</UniqueIdentifier>
      <Extensions>cpp;c;cc;cxx;def;odl;idl;hpj;bat;asm;asmx</Extensions>
    </Filter>
    <Filter Include="Header Files">
      <UniqueIdentifier>{93995380-89BD-4b04-88EB-625FBE52EBFB}</UniqueIdentifier>
      <Extensions>h;hh;hpp;hxx;hm;inl;inc;xsd</Extensions>
    </Filter>
    <Filter Include="core">
      <UniqueIdentifier>{f33849a4-1e3c-4a72-ae6c-6baaee6f8dfa}</UniqueIdentifier>
    </Filter>
    <Filter Include="core\omp">
      <UniqueIdentifier>{ed124daf-e917-4ca8-a157-b2205806e7c5}</UniqueIdentifier>
    </Filter>
  </ItemGroup>
  <ItemGroup>
    <ClCompile Include="..\..\test\test_cpu.cpp">
      <Filter>Source Files</Filter>
    </ClCompile>
  </ItemGroup>
  <ItemGroup>
    <ClInclude Include="..\..\test\test_options.h">
      <Filter>Header Files</Filter>
    </ClInclude>
    <ClInclude Include="..\..\lap.h">
      <Filter>Header Files</Filter>
    </ClInclude>
    <ClInclude Include="..\..\core\lap_cache.h">
      <Filter>core</Filter>
    </ClInclude>
    <ClInclude Include="..\..\core\lap_caching_iterator.h">
      <Filter>core</Filter>
    </ClInclude>
    <ClInclude Include="..\..\core\lap_cost.h">
      <Filter>core</Filter>
    </ClInclude>
    <ClInclude Include="..\..\core\lap_direct_iterator.h">
      <Filter>core</Filter>
    </ClInclude>
    <ClInclude Include="..\..\core\lap_solver.h">
      <Filter>core</Filter>
    </ClInclude>
    <ClInclude Include="..\..\core\omp\lap_caching_iterator.h">
      <Filter>core\omp</Filter>
    </ClInclude>
    <ClInclude Include="..\..\core\omp\lap_cost.h">
      <Filter>core\omp</Filter>
    </ClInclude>
    <ClInclude Include="..\..\core\omp\lap_direct_iterator.h">
      <Filter>core\omp</Filter>
    </ClInclude>
    <ClInclude Include="..\..\core\omp\lap_solver.h">
      <Filter>core\omp</Filter>
    </ClInclude>
    <ClInclude Include="..\..\core\omp\lap_worksharing.h">
      <Filter>core\omp</Filter>
    </ClInclude>
    <ClInclude Include="..\..\test\image.h">
      <Filter>Header Files</Filter>
    </ClInclude>
  </ItemGroup>
</Project>